
Microsoft Visual Studio Solution File, Format Version 12.00
# Visual Studio Version 17
VisualStudioVersion = 17.13.35919.96 d17.13
MinimumVisualStudioVersion = 10.0.40219.1
Project("{FAE04EC0-301F-11D3-BF4B-00C04F79EFBC}") = "project1", "project1.csproj", "{51C2D520-8598-4DE7-9EFC-22C86EF6BA4E}"
EndProject
Global
	GlobalSection(SolutionConfigurationPlatforms) = preSolution
		Debug|Any CPU = Debug|Any CPU
		Release|Any CPU = Release|Any CPU
	EndGlobalSection
	GlobalSection(ProjectConfigurationPlatforms) = postSolution
		{51C2D520-8598-4DE7-9EFC-22C86EF6BA4E}.Debug|Any CPU.ActiveCfg = Debug|Any CPU
		{51C2D520-8598-4DE7-9EFC-22C86EF6BA4E}.Debug|Any CPU.Build.0 = Debug|Any CPU
		{51C2D520-8598-4DE7-9EFC-22C86EF6BA4E}.Release|Any CPU.ActiveCfg = Release|Any CPU
		{51C2D520-8598-4DE7-9EFC-22C86EF6BA4E}.Release|Any CPU.Build.0 = Release|Any CPU
	EndGlobalSection
	GlobalSection(SolutionProperties) = preSolution
		HideSolutionNode = FALSE
	EndGlobalSection
	GlobalSection(ExtensibilityGlobals) = postSolution
		SolutionGuid = {A8E94B87-62E7-4EED-9055-6B774E90A020}
	EndGlobalSection
EndGlobal
